
Microsoft Visual Studio Solution File, Format Version 12.00
# Visual Studio Version 17
VisualStudioVersion = 17.11.35327.3
MinimumVisualStudioVersion = 10.0.40219.1
Project("{FAE04EC0-301F-11D3-BF4B-00C04F79EFBC}") = "qdrant_sample3", "qdrant_sample3.csproj", "{0826995C-CFEB-4EB3-8484-C0213CC274EE}"
EndProject
Global
	GlobalSection(SolutionConfigurationPlatforms) = preSolution
		Debug|Any CPU = Debug|Any CPU
		Release|Any CPU = Release|Any CPU
	EndGlobalSection
	GlobalSection(ProjectConfigurationPlatforms) = postSolution
		{0826995C-CFEB-4EB3-8484-C0213CC274EE}.Debug|Any CPU.ActiveCfg = Debug|Any CPU
		{0826995C-CFEB-4EB3-8484-C0213CC274EE}.Debug|Any CPU.Build.0 = Debug|Any CPU
		{0826995C-CFEB-4EB3-8484-C0213CC274EE}.Release|Any CPU.ActiveCfg = Release|Any CPU
		{0826995C-CFEB-4EB3-8484-C0213CC274EE}.Release|Any CPU.Build.0 = Release|Any CPU
	EndGlobalSection
	GlobalSection(SolutionProperties) = preSolution
		HideSolutionNode = FALSE
	EndGlobalSection
	GlobalSection(ExtensibilityGlobals) = postSolution
		SolutionGuid = {F6D71D07-445F-40DF-9D09-951E4122E3D7}
	EndGlobalSection
EndGlobal
